
Microsoft Visual Studio Solution File, Format Version 12.00
# Visual Studio Version 16
VisualStudioVersion = 16.0.31025.194
MinimumVisualStudioVersion = 10.0.40219.1
Project("{FAE04EC0-301F-11D3-BF4B-00C04F79EFBC}") = "DataAccess", "DataAccess\DataAccess.csproj", "{6EFD40A5-AE7C-4790-B394-D2FF7B6F8A23}"
EndProject
Project("{FAE04EC0-301F-11D3-BF4B-00C04F79EFBC}") = "Business", "Business\Business.csproj", "{2C81DCB3-186E-4F39-8219-4B294E77BBAD}"
EndProject
Project("{FAE04EC0-301F-11D3-BF4B-00C04F79EFBC}") = "API", "API\API.csproj", "{A928D8CF-06DE-47A8-90D5-1F152BCDF0CD}"
EndProject
Project("{FAE04EC0-301F-11D3-BF4B-00C04F79EFBC}") = "Models", "Models\Models.csproj", "{8A7A5AD4-963D-462D-8AE2-17836AC36FE3}"
EndProject
Project("{FAE04EC0-301F-11D3-BF4B-00C04F79EFBC}") = "UnitTests", "UnitTests\UnitTests.csproj", "{666FEA4E-B080-40BB-850F-56BF25030612}"
EndProject
Global
	GlobalSection(SolutionConfigurationPlatforms) = preSolution
		Debug|Any CPU = Debug|Any CPU
		Release|Any CPU = Release|Any CPU
	EndGlobalSection
	GlobalSection(ProjectConfigurationPlatforms) = postSolution
		{6EFD40A5-AE7C-4790-B394-D2FF7B6F8A23}.Debug|Any CPU.ActiveCfg = Debug|Any CPU
		{6EFD40A5-AE7C-4790-B394-D2FF7B6F8A23}.Debug|Any CPU.Build.0 = Debug|Any CPU
		{6EFD40A5-AE7C-4790-B394-D2FF7B6F8A23}.Release|Any CPU.ActiveCfg = Release|Any CPU
		{6EFD40A5-AE7C-4790-B394-D2FF7B6F8A23}.Release|Any CPU.Build.0 = Release|Any CPU
		{2C81DCB3-186E-4F39-8219-4B294E77BBAD}.Debug|Any CPU.ActiveCfg = Debug|Any CPU
		{2C81DCB3-186E-4F39-8219-4B294E77BBAD}.Debug|Any CPU.Build.0 = Debug|Any CPU
		{2C81DCB3-186E-4F39-8219-4B294E77BBAD}.Release|Any CPU.ActiveCfg = Release|Any CPU
		{2C81DCB3-186E-4F39-8219-4B294E77BBAD}.Release|Any CPU.Build.0 = Release|Any CPU
		{A928D8CF-06DE-47A8-90D5-1F152BCDF0CD}.Debug|Any CPU.ActiveCfg = Debug|Any CPU
		{A928D8CF-06DE-47A8-90D5-1F152BCDF0CD}.Debug|Any CPU.Build.0 = Debug|Any CPU
		{A928D8CF-06DE-47A8-90D5-1F152BCDF0CD}.Release|Any CPU.ActiveCfg = Release|Any CPU
		{A928D8CF-06DE-47A8-90D5-1F152BCDF0CD}.Release|Any CPU.Build.0 = Release|Any CPU
		{8A7A5AD4-963D-462D-8AE2-17836AC36FE3}.Debug|Any CPU.ActiveCfg = Debug|Any CPU
		{8A7A5AD4-963D-462D-8AE2-17836AC36FE3}.Debug|Any CPU.Build.0 = Debug|Any CPU
		{8A7A5AD4-963D-462D-8AE2-17836AC36FE3}.Release|Any CPU.ActiveCfg = Release|Any CPU
		{8A7A5AD4-963D-462D-8AE2-17836AC36FE3}.Release|Any CPU.Build.0 = Release|Any CPU
		{666FEA4E-B080-40BB-850F-56BF25030612}.Debug|Any CPU.ActiveCfg = Debug|Any CPU
		{666FEA4E-B080-40BB-850F-56BF25030612}.Debug|Any CPU.Build.0 = Debug|Any CPU
		{666FEA4E-B080-40BB-850F-56BF25030612}.Release|Any CPU.ActiveCfg = Release|Any CPU
		{666FEA4E-B080-40BB-850F-56BF25030612}.Release|Any CPU.Build.0 = Release|Any CPU
	EndGlobalSection
	GlobalSection(SolutionProperties) = preSolution
		HideSolutionNode = FALSE
	EndGlobalSection
	GlobalSection(ExtensibilityGlobals) = postSolution
		SolutionGuid = {DE37E354-14C3-4074-B5FB-F1B7DD9353C3}
	EndGlobalSection
EndGlobal
